
Microsoft Visual Studio Solution File, Format Version 12.00
# Visual Studio Version 17
VisualStudioVersion = 17.9.34723.18
MinimumVisualStudioVersion = 10.0.40219.1
Project("{9A19103F-16F7-4668-BE54-9A1E7A4F7556}") = "CCDMSServices", "CCDMSServices\CCDMSServices.csproj", "{E833E078-7139-4624-8799-4A37B8E2D97B}"
EndProject
Project("{FAE04EC0-301F-11D3-BF4B-00C04F79EFBC}") = "CCDMS API", "CCDMS API\CCDMS API.csproj", "{204B53A5-15F3-4632-B2CD-9CEF080AEBB2}"
EndProject
Global
	GlobalSection(SolutionConfigurationPlatforms) = preSolution
		Debug|Any CPU = Debug|Any CPU
		Release|Any CPU = Release|Any CPU
	EndGlobalSection
	GlobalSection(ProjectConfigurationPlatforms) = postSolution
		{E833E078-7139-4624-8799-4A37B8E2D97B}.Debug|Any CPU.ActiveCfg = Debug|Any CPU
		{E833E078-7139-4624-8799-4A37B8E2D97B}.Debug|Any CPU.Build.0 = Debug|Any CPU
		{E833E078-7139-4624-8799-4A37B8E2D97B}.Release|Any CPU.ActiveCfg = Release|Any CPU
		{E833E078-7139-4624-8799-4A37B8E2D97B}.Release|Any CPU.Build.0 = Release|Any CPU
		{204B53A5-15F3-4632-B2CD-9CEF080AEBB2}.Debug|Any CPU.ActiveCfg = Debug|Any CPU
		{204B53A5-15F3-4632-B2CD-9CEF080AEBB2}.Debug|Any CPU.Build.0 = Debug|Any CPU
		{204B53A5-15F3-4632-B2CD-9CEF080AEBB2}.Release|Any CPU.ActiveCfg = Release|Any CPU
		{204B53A5-15F3-4632-B2CD-9CEF080AEBB2}.Release|Any CPU.Build.0 = Release|Any CPU
	EndGlobalSection
	GlobalSection(SolutionProperties) = preSolution
		HideSolutionNode = FALSE
	EndGlobalSection
	GlobalSection(ExtensibilityGlobals) = postSolution
		SolutionGuid = {9F5F9CA1-C145-4BCF-BC66-022AA42FDF21}
	EndGlobalSection
EndGlobal
